
Microsoft Visual Studio Solution File, Format Version 12.00
# Visual Studio Version 16
VisualStudioVersion = 16.0.29509.3
MinimumVisualStudioVersion = 10.0.40219.1
Project("{FAE04EC0-301F-11D3-BF4B-00C04F79EFBC}") = "blueshell", "blueshell.csproj", "{EF783DD8-6DCA-4E54-B616-23BC93C81C9F}"
EndProject
Global
	GlobalSection(SolutionConfigurationPlatforms) = preSolution
		Debug|Any CPU = Debug|Any CPU
		Release|Any CPU = Release|Any CPU
	EndGlobalSection
	GlobalSection(ProjectConfigurationPlatforms) = postSolution
		{EF783DD8-6DCA-4E54-B616-23BC93C81C9F}.Debug|Any CPU.ActiveCfg = Debug|Any CPU
		{EF783DD8-6DCA-4E54-B616-23BC93C81C9F}.Debug|Any CPU.Build.0 = Debug|Any CPU
		{EF783DD8-6DCA-4E54-B616-23BC93C81C9F}.Release|Any CPU.ActiveCfg = Release|Any CPU
		{EF783DD8-6DCA-4E54-B616-23BC93C81C9F}.Release|Any CPU.Build.0 = Release|Any CPU
	EndGlobalSection
	GlobalSection(SolutionProperties) = preSolution
		HideSolutionNode = FALSE
	EndGlobalSection
	GlobalSection(ExtensibilityGlobals) = postSolution
		SolutionGuid = {A41FE740-B992-4F86-A372-6AA94C7BD101}
	EndGlobalSection
EndGlobal
